<?xml version="1.0" encoding="utf-8"?>
<Project ToolsVersion="4.0" xmlns="http://schemas.microsoft.com/developer/msbuild/2003">
  <ItemGroup>
    <Filter Include="Source Files">
      <UniqueIdentifier>{4FC737F1-C7A5-4376-A066-2A32D752A2FF}</UniqueIdentifier>
      <Extensions>cpp;c;cc;cxx;c++;cppm;ixx;def;odl;idl;hpj;bat;asm;asmx</Extensions>
    </Filter>
    <Filter Include="Header Files">
      <UniqueIdentifier>{93995380-89BD-4b04-88EB-625FBE52EBFB}</UniqueIdentifier>
      <Extensions>h;hh;hpp;hxx;h++;hm;inl;inc;ipp;xsd</Extensions>
    </Filter>
    <Filter Include="Resource Files">
      <UniqueIdentifier>{67DA6AB6-F800-4c08-8B7A-83BB121AAD01}</UniqueIdentifier>
      <Extensions>rc;ico;cur;bmp;dlg;rc2;rct;bin;rgs;gif;jpg;jpeg;jpe;resx;tiff;tif;png;wav;mfcribbon-ms</Extensions>
    </Filter>
    <Filter Include="shaders">
      <UniqueIdentifier>{2e45c5b3-1c67-423b-97b9-5415f7e5d7b6}</UniqueIdentifier>
    </Filter>
  </ItemGroup>
  <ItemGroup>
    <None Include="compile.bat">
      <Filter>shaders</Filter>
    </None>
    <None Include="shaders\shader.frag">
      <Filter>shaders</Filter>
    </None>
    <None Include="shaders\shader.vert">
      <Filter>shaders</Filter>
    </None>
    <None Include="shader.comp">
      <Filter>shaders</Filter>
    </None>
  </ItemGroup>
  <ItemGroup>
    <ClCompile Include="main.cpp">
      <Filter>Source Files</Filter>
    </ClCompile>
    <ClCompile Include="mve_window.cpp">
      <Filter>Source Files</Filter>
    </ClCompile>
    <ClCompile Include="first_app.cpp">
      <Filter>Source Files</Filter>
    </ClCompile>
    <ClCompile Include="mve_pipeline.cpp">
      <Filter>Source Files</Filter>
    </ClCompile>
    <ClCompile Include="mve_device.cpp">
      <Filter>Source Files</Filter>
    </ClCompile>
    <ClCompile Include="mve_swapChain.cpp">
      <Filter>Source Files</Filter>
    </ClCompile>
    <ClCompile Include="mve_model.cpp">
      <Filter>Source Files</Filter>
    </ClCompile>
    <ClCompile Include="mve_game_object.cpp">
      <Filter>Source Files</Filter>
    </ClCompile>
    <ClCompile Include="mve_renderer.cpp">
      <Filter>Source Files</Filter>
    </ClCompile>
    <ClCompile Include="simple_render_system.cpp">
      <Filter>Source Files</Filter>
    </ClCompile>
    <ClCompile Include="gravity.cpp">
      <Filter>Source Files</Filter>
    </ClCompile>
    <ClCompile Include="geometry.cpp">
      <Filter>Source Files</Filter>
    </ClCompile>
  </ItemGroup>
  <ItemGroup>
    <ClInclude Include="mve_window.h">
      <Filter>Header Files</Filter>
    </ClInclude>
    <ClInclude Include="first_app.h">
      <Filter>Header Files</Filter>
    </ClInclude>
    <ClInclude Include="mve_pipeline.h">
      <Filter>Header Files</Filter>
    </ClInclude>
    <ClInclude Include="mve_device.h">
      <Filter>Header Files</Filter>
    </ClInclude>
    <ClInclude Include="mve_swapChain.h">
      <Filter>Header Files</Filter>
    </ClInclude>
    <ClInclude Include="mve_model.h">
      <Filter>Header Files</Filter>
    </ClInclude>
    <ClInclude Include="mve_game_object.h">
      <Filter>Header Files</Filter>
    </ClInclude>
    <ClInclude Include="mve_renderer.h">
      <Filter>Header Files</Filter>
    </ClInclude>
    <ClInclude Include="simple_render_system.h">
      <Filter>Header Files</Filter>
    </ClInclude>
    <ClInclude Include="gravity.h">
      <Filter>Header Files</Filter>
    </ClInclude>
    <ClInclude Include="geometry.h">
      <Filter>Header Files</Filter>
    </ClInclude>
  </ItemGroup>
</Project>